// !$*UTF8*$!
{
	archiveVersion = 1;
	classes = {
	};
	objectVersion = 56;
	objects = {

/* Begin PBXBuildFile section */
		78640F9E2C7630DC00E2F176 /* App836App.swift in Sources */ = {isa = PBXBuildFile; fileRef = 78640F9D2C7630DC00E2F176 /* App836App.swift */; };
		78640FA02C7630DC00E2F176 /* ContentView.swift in Sources */ = {isa = PBXBuildFile; fileRef = 78640F9F2C7630DC00E2F176 /* ContentView.swift */; };
		78640FA22C7630DE00E2F176 /* Assets.xcassets in Resources */ = {isa = PBXBuildFile; fileRef = 78640FA12C7630DE00E2F176 /* Assets.xcassets */; };
		78640FA62C7630DE00E2F176 /* Preview Assets.xcassets in Resources */ = {isa = PBXBuildFile; fileRef = 78640FA52C7630DE00E2F176 /* Preview Assets.xcassets */; };
		78640FB62C7632C100E2F176 /* Launch Screen.storyboard in Resources */ = {isa = PBXBuildFile; fileRef = 78640FB52C7632C100E2F176 /* Launch Screen.storyboard */; };
		78640FBC2C7632D100E2F176 /* CoreModel.xcdatamodeld in Sources */ = {isa = PBXBuildFile; fileRef = 78640FBA2C7632D100E2F176 /* CoreModel.xcdatamodeld */; };
		78640FBE2C7637E000E2F176 /* LoadingView.swift in Sources */ = {isa = PBXBuildFile; fileRef = 78640FBD2C7637E000E2F176 /* LoadingView.swift */; };
		78640FC02C7637E600E2F176 /* R1.swift in Sources */ = {isa = PBXBuildFile; fileRef = 78640FBF2C7637E600E2F176 /* R1.swift */; };
		78640FC22C7637EB00E2F176 /* R2.swift in Sources */ = {isa = PBXBuildFile; fileRef = 78640FC12C7637EB00E2F176 /* R2.swift */; };
		78640FC42C7637F200E2F176 /* U1.swift in Sources */ = {isa = PBXBuildFile; fileRef = 78640FC32C7637F200E2F176 /* U1.swift */; };
		78640FC62C7637F900E2F176 /* Reviews.swift in Sources */ = {isa = PBXBuildFile; fileRef = 78640FC52C7637F900E2F176 /* Reviews.swift */; };
		78640FC82C7637FF00E2F176 /* Not.swift in Sources */ = {isa = PBXBuildFile; fileRef = 78640FC72C7637FF00E2F176 /* Not.swift */; };
		78640FCA2C76380600E2F176 /* TabBar.swift in Sources */ = {isa = PBXBuildFile; fileRef = 78640FC92C76380600E2F176 /* TabBar.swift */; };
		78640FD02C76383200E2F176 /* HomeView.swift in Sources */ = {isa = PBXBuildFile; fileRef = 78640FCF2C76383200E2F176 /* HomeView.swift */; };
		78640FD22C76383B00E2F176 /* HomeViewModel.swift in Sources */ = {isa = PBXBuildFile; fileRef = 78640FD12C76383B00E2F176 /* HomeViewModel.swift */; };
		78640FD42C76384300E2F176 /* FriendsView.swift in Sources */ = {isa = PBXBuildFile; fileRef = 78640FD32C76384300E2F176 /* FriendsView.swift */; };
		78640FD62C76384C00E2F176 /* FriendsViewModel.swift in Sources */ = {isa = PBXBuildFile; fileRef = 78640FD52C76384C00E2F176 /* FriendsViewModel.swift */; };
		78640FD82C76385300E2F176 /* PresentView.swift in Sources */ = {isa = PBXBuildFile; fileRef = 78640FD72C76385300E2F176 /* PresentView.swift */; };
		78640FDA2C76385C00E2F176 /* PresentViewModel.swift in Sources */ = {isa = PBXBuildFile; fileRef = 78640FD92C76385C00E2F176 /* PresentViewModel.swift */; };
		78640FDC2C76386400E2F176 /* SettingsView.swift in Sources */ = {isa = PBXBuildFile; fileRef = 78640FDB2C76386400E2F176 /* SettingsView.swift */; };
		78640FDE2C76386E00E2F176 /* CoreDataStack.swift in Sources */ = {isa = PBXBuildFile; fileRef = 78640FDD2C76386E00E2F176 /* CoreDataStack.swift */; };
		78640FE02C76387400E2F176 /* Array.swift in Sources */ = {isa = PBXBuildFile; fileRef = 78640FDF2C76387400E2F176 /* Array.swift */; };
		78640FE32C77850600E2F176 /* AddFriend.swift in Sources */ = {isa = PBXBuildFile; fileRef = 78640FE22C77850600E2F176 /* AddFriend.swift */; };
		78640FE62C77BD4200E2F176 /* FriendDetail.swift in Sources */ = {isa = PBXBuildFile; fileRef = 78640FE52C77BD4200E2F176 /* FriendDetail.swift */; };
		78640FE92C77BFF500E2F176 /* AddGift.swift in Sources */ = {isa = PBXBuildFile; fileRef = 78640FE82C77BFF500E2F176 /* AddGift.swift */; };
/* End PBXBuildFile section */

/* Begin PBXFileReference section */
		78640F9A2C7630DC00E2F176 /* App836.app */ = {isa = PBXFileReference; explicitFileType = wrapper.application; includeInIndex = 0; path = App836.app; sourceTree = BUILT_PRODUCTS_DIR; };
		78640F9D2C7630DC00E2F176 /* App836App.swift */ = {isa = PBXFileReference; lastKnownFileType = sourcecode.swift; path = App836App.swift; sourceTree = "<group>"; };
		78640F9F2C7630DC00E2F176 /* ContentView.swift */ = {isa = PBXFileReference; lastKnownFileType = sourcecode.swift; path = ContentView.swift; sourceTree = "<group>"; };
		78640FA12C7630DE00E2F176 /* Assets.xcassets */ = {isa = PBXFileReference; lastKnownFileType = folder.assetcatalog; path = Assets.xcassets; sourceTree = "<group>"; };
		78640FA32C7630DE00E2F176 /* App836.entitlements */ = {isa = PBXFileReference; lastKnownFileType = text.plist.entitlements; path = App836.entitlements; sourceTree = "<group>"; };
		78640FA52C7630DE00E2F176 /* Preview Assets.xcassets */ = {isa = PBXFileReference; lastKnownFileType = folder.assetcatalog; path = "Preview Assets.xcassets"; sourceTree = "<group>"; };
		78640FB52C7632C100E2F176 /* Launch Screen.storyboard */ = {isa = PBXFileReference; lastKnownFileType = file.storyboard; path = "Launch Screen.storyboard"; sourceTree = "<group>"; };
		78640FBB2C7632D100E2F176 /* CoreModel.xcdatamodel */ = {isa = PBXFileReference; lastKnownFileType = wrapper.xcdatamodel; path = CoreModel.xcdatamodel; sourceTree = "<group>"; };
		78640FBD2C7637E000E2F176 /* LoadingView.swift */ = {isa = PBXFileReference; lastKnownFileType = sourcecode.swift; path = LoadingView.swift; sourceTree = "<group>"; };
		78640FBF2C7637E600E2F176 /* R1.swift */ = {isa = PBXFileReference; lastKnownFileType = sourcecode.swift; path = R1.swift; sourceTree = "<group>"; };
		78640FC12C7637EB00E2F176 /* R2.swift */ = {isa = PBXFileReference; lastKnownFileType = sourcecode.swift; path = R2.swift; sourceTree = "<group>"; };
		78640FC32C7637F200E2F176 /* U1.swift */ = {isa = PBXFileReference; lastKnownFileType = sourcecode.swift; path = U1.swift; sourceTree = "<group>"; };
		78640FC52C7637F900E2F176 /* Reviews.swift */ = {isa = PBXFileReference; lastKnownFileType = sourcecode.swift; path = Reviews.swift; sourceTree = "<group>"; };
		78640FC72C7637FF00E2F176 /* Not.swift */ = {isa = PBXFileReference; lastKnownFileType = sourcecode.swift; path = Not.swift; sourceTree = "<group>"; };
		78640FC92C76380600E2F176 /* TabBar.swift */ = {isa = PBXFileReference; lastKnownFileType = sourcecode.swift; path = TabBar.swift; sourceTree = "<group>"; };
		78640FCF2C76383200E2F176 /* HomeView.swift */ = {isa = PBXFileReference; lastKnownFileType = sourcecode.swift; path = HomeView.swift; sourceTree = "<group>"; };
		78640FD12C76383B00E2F176 /* HomeViewModel.swift */ = {isa = PBXFileReference; lastKnownFileType = sourcecode.swift; path = HomeViewModel.swift; sourceTree = "<group>"; };
		78640FD32C76384300E2F176 /* FriendsView.swift */ = {isa = PBXFileReference; lastKnownFileType = sourcecode.swift; path = FriendsView.swift; sourceTree = "<group>"; };
		78640FD52C76384C00E2F176 /* FriendsViewModel.swift */ = {isa = PBXFileReference; lastKnownFileType = sourcecode.swift; path = FriendsViewModel.swift; sourceTree = "<group>"; };
		78640FD72C76385300E2F176 /* PresentView.swift */ = {isa = PBXFileReference; lastKnownFileType = sourcecode.swift; path = PresentView.swift; sourceTree = "<group>"; };
		78640FD92C76385C00E2F176 /* PresentViewModel.swift */ = {isa = PBXFileReference; lastKnownFileType = sourcecode.swift; path = PresentViewModel.swift; sourceTree = "<group>"; };
		78640FDB2C76386400E2F176 /* SettingsView.swift */ = {isa = PBXFileReference; lastKnownFileType = sourcecode.swift; path = SettingsView.swift; sourceTree = "<group>"; };
		78640FDD2C76386E00E2F176 /* CoreDataStack.swift */ = {isa = PBXFileReference; lastKnownFileType = sourcecode.swift; path = CoreDataStack.swift; sourceTree = "<group>"; };
		78640FDF2C76387400E2F176 /* Array.swift */ = {isa = PBXFileReference; lastKnownFileType = sourcecode.swift; path = Array.swift; sourceTree = "<group>"; };
		78640FE22C77850600E2F176 /* AddFriend.swift */ = {isa = PBXFileReference; lastKnownFileType = sourcecode.swift; path = AddFriend.swift; sourceTree = "<group>"; };
		78640FE52C77BD4200E2F176 /* FriendDetail.swift */ = {isa = PBXFileReference; lastKnownFileType = sourcecode.swift; path = FriendDetail.swift; sourceTree = "<group>"; };
		78640FE82C77BFF500E2F176 /* AddGift.swift */ = {isa = PBXFileReference; lastKnownFileType = sourcecode.swift; path = AddGift.swift; sourceTree = "<group>"; };
/* End PBXFileReference section */

/* Begin PBXFrameworksBuildPhase section */
		78640F972C7630DC00E2F176 /* Frameworks */ = {
			isa = PBXFrameworksBuildPhase;
			buildActionMask = 2147483647;
			files = (
			);
			runOnlyForDeploymentPostprocessing = 0;
		};
/* End PBXFrameworksBuildPhase section */

/* Begin PBXGroup section */
		78640F912C7630DC00E2F176 = {
			isa = PBXGroup;
			children = (
				78640F9C2C7630DC00E2F176 /* App836 */,
				78640F9B2C7630DC00E2F176 /* Products */,
			);
			sourceTree = "<group>";
		};
		78640F9B2C7630DC00E2F176 /* Products */ = {
			isa = PBXGroup;
			children = (
				78640F9A2C7630DC00E2F176 /* App836.app */,
			);
			name = Products;
			sourceTree = "<group>";
		};
		78640F9C2C7630DC00E2F176 /* App836 */ = {
			isa = PBXGroup;
			children = (
				78640FAC2C76328C00E2F176 /* All */,
				78640F9D2C7630DC00E2F176 /* App836App.swift */,
				78640F9F2C7630DC00E2F176 /* ContentView.swift */,
				78640FA12C7630DE00E2F176 /* Assets.xcassets */,
				78640FA32C7630DE00E2F176 /* App836.entitlements */,
				78640FA42C7630DE00E2F176 /* Preview Content */,
			);
			path = App836;
			sourceTree = "<group>";
		};
		78640FA42C7630DE00E2F176 /* Preview Content */ = {
			isa = PBXGroup;
			children = (
				78640FA52C7630DE00E2F176 /* Preview Assets.xcassets */,
			);
			path = "Preview Content";
			sourceTree = "<group>";
		};
		78640FAC2C76328C00E2F176 /* All */ = {
			isa = PBXGroup;
			children = (
				78640FB02C7632A100E2F176 /* Views */,
				78640FAF2C76329C00E2F176 /* Ext */,
				78640FAE2C76329500E2F176 /* TabBar */,
				78640FAD2C76328F00E2F176 /* Start */,
			);
			path = All;
			sourceTree = "<group>";
		};
		78640FAD2C76328F00E2F176 /* Start */ = {
			isa = PBXGroup;
			children = (
				78640FB42C7632B600E2F176 /* R */,
				78640FB32C7632B200E2F176 /* U */,
				78640FB22C7632AC00E2F176 /* Loading */,
				78640FB12C7632A800E2F176 /* Launch */,
			);
			path = Start;
			sourceTree = "<group>";
		};
		78640FAE2C76329500E2F176 /* TabBar */ = {
			isa = PBXGroup;
			children = (
				78640FC92C76380600E2F176 /* TabBar.swift */,
			);
			path = TabBar;
			sourceTree = "<group>";
		};
		78640FAF2C76329C00E2F176 /* Ext */ = {
			isa = PBXGroup;
			children = (
				78640FBA2C7632D100E2F176 /* CoreModel.xcdatamodeld */,
				78640FDD2C76386E00E2F176 /* CoreDataStack.swift */,
				78640FDF2C76387400E2F176 /* Array.swift */,
			);
			path = Ext;
			sourceTree = "<group>";
		};
		78640FB02C7632A100E2F176 /* Views */ = {
			isa = PBXGroup;
			children = (
				78640FCE2C76382A00E2F176 /* Settings */,
				78640FCD2C76382500E2F176 /* Present */,
				78640FCC2C76381D00E2F176 /* Friends */,
				78640FCB2C76381800E2F176 /* Home */,
			);
			path = Views;
			sourceTree = "<group>";
		};
		78640FB12C7632A800E2F176 /* Launch */ = {
			isa = PBXGroup;
			children = (
				78640FB52C7632C100E2F176 /* Launch Screen.storyboard */,
			);
			path = Launch;
			sourceTree = "<group>";
		};
		78640FB22C7632AC00E2F176 /* Loading */ = {
			isa = PBXGroup;
			children = (
				78640FBD2C7637E000E2F176 /* LoadingView.swift */,
			);
			path = Loading;
			sourceTree = "<group>";
		};
		78640FB32C7632B200E2F176 /* U */ = {
			isa = PBXGroup;
			children = (
				78640FC32C7637F200E2F176 /* U1.swift */,
				78640FC52C7637F900E2F176 /* Reviews.swift */,
				78640FC72C7637FF00E2F176 /* Not.swift */,
			);
			path = U;
			sourceTree = "<group>";
		};
		78640FB42C7632B600E2F176 /* R */ = {
			isa = PBXGroup;
			children = (
				78640FBF2C7637E600E2F176 /* R1.swift */,
				78640FC12C7637EB00E2F176 /* R2.swift */,
			);
			path = R;
			sourceTree = "<group>";
		};
		78640FCB2C76381800E2F176 /* Home */ = {
			isa = PBXGroup;
			children = (
				78640FCF2C76383200E2F176 /* HomeView.swift */,
				78640FD12C76383B00E2F176 /* HomeViewModel.swift */,
			);
			path = Home;
			sourceTree = "<group>";
		};
		78640FCC2C76381D00E2F176 /* Friends */ = {
			isa = PBXGroup;
			children = (
				78640FE72C77BFEB00E2F176 /* AddGift */,
				78640FE42C77BD3600E2F176 /* FriendDetail */,
				78640FE12C7784F600E2F176 /* AddFriend */,
				78640FD32C76384300E2F176 /* FriendsView.swift */,
				78640FD52C76384C00E2F176 /* FriendsViewModel.swift */,
			);
			path = Friends;
			sourceTree = "<group>";
		};
		78640FCD2C76382500E2F176 /* Present */ = {
			isa = PBXGroup;
			children = (
				78640FD72C76385300E2F176 /* PresentView.swift */,
				78640FD92C76385C00E2F176 /* PresentViewModel.swift */,
			);
			path = Present;
			sourceTree = "<group>";
		};
		78640FCE2C76382A00E2F176 /* Settings */ = {
			isa = PBXGroup;
			children = (
				78640FDB2C76386400E2F176 /* SettingsView.swift */,
			);
			path = Settings;
			sourceTree = "<group>";
		};
		78640FE12C7784F600E2F176 /* AddFriend */ = {
			isa = PBXGroup;
			children = (
				78640FE22C77850600E2F176 /* AddFriend.swift */,
			);
			path = AddFriend;
			sourceTree = "<group>";
		};
		78640FE42C77BD3600E2F176 /* FriendDetail */ = {
			isa = PBXGroup;
			children = (
				78640FE52C77BD4200E2F176 /* FriendDetail.swift */,
			);
			path = FriendDetail;
			sourceTree = "<group>";
		};
		78640FE72C77BFEB00E2F176 /* AddGift */ = {
			isa = PBXGroup;
			children = (
				78640FE82C77BFF500E2F176 /* AddGift.swift */,
			);
			path = AddGift;
			sourceTree = "<group>";
		};
/* End PBXGroup section */

/* Begin PBXNativeTarget section */
		78640F992C7630DC00E2F176 /* App836 */ = {
			isa = PBXNativeTarget;
			buildConfigurationList = 78640FA92C7630DE00E2F176 /* Build configuration list for PBXNativeTarget "App836" */;
			buildPhases = (
				78640F962C7630DC00E2F176 /* Sources */,
				78640F972C7630DC00E2F176 /* Frameworks */,
				78640F982C7630DC00E2F176 /* Resources */,
			);
			buildRules = (
			);
			dependencies = (
			);
			name = App836;
			productName = App836;
			productReference = 78640F9A2C7630DC00E2F176 /* App836.app */;
			productType = "com.apple.product-type.application";
		};
/* End PBXNativeTarget section */

/* Begin PBXProject section */
		78640F922C7630DC00E2F176 /* Project object */ = {
			isa = PBXProject;
			attributes = {
				BuildIndependentTargetsInParallel = 1;
				LastSwiftUpdateCheck = 1540;
				LastUpgradeCheck = 1540;
				TargetAttributes = {
					78640F992C7630DC00E2F176 = {
						CreatedOnToolsVersion = 15.4;
					};
				};
			};
			buildConfigurationList = 78640F952C7630DC00E2F176 /* Build configuration list for PBXProject "App836" */;
			compatibilityVersion = "Xcode 14.0";
			developmentRegion = en;
			hasScannedForEncodings = 0;
			knownRegions = (
				en,
				Base,
			);
			mainGroup = 78640F912C7630DC00E2F176;
			productRefGroup = 78640F9B2C7630DC00E2F176 /* Products */;
			projectDirPath = "";
			projectRoot = "";
			targets = (
				78640F992C7630DC00E2F176 /* App836 */,
			);
		};
/* End PBXProject section */

/* Begin PBXResourcesBuildPhase section */
		78640F982C7630DC00E2F176 /* Resources */ = {
			isa = PBXResourcesBuildPhase;
			buildActionMask = 2147483647;
			files = (
				78640FB62C7632C100E2F176 /* Launch Screen.storyboard in Resources */,
				78640FA62C7630DE00E2F176 /* Preview Assets.xcassets in Resources */,
				78640FA22C7630DE00E2F176 /* Assets.xcassets in Resources */,
			);
			runOnlyForDeploymentPostprocessing = 0;
		};
/* End PBXResourcesBuildPhase section */

/* Begin PBXSourcesBuildPhase section */
		78640F962C7630DC00E2F176 /* Sources */ = {
			isa = PBXSourcesBuildPhase;
			buildActionMask = 2147483647;
			files = (
				78640FA02C7630DC00E2F176 /* ContentView.swift in Sources */,
				78640FBE2C7637E000E2F176 /* LoadingView.swift in Sources */,
				78640FC42C7637F200E2F176 /* U1.swift in Sources */,
				78640FE92C77BFF500E2F176 /* AddGift.swift in Sources */,
				78640FDE2C76386E00E2F176 /* CoreDataStack.swift in Sources */,
				78640FBC2C7632D100E2F176 /* CoreModel.xcdatamodeld in Sources */,
				78640FD62C76384C00E2F176 /* FriendsViewModel.swift in Sources */,
				78640FDC2C76386400E2F176 /* SettingsView.swift in Sources */,
				78640FC02C7637E600E2F176 /* R1.swift in Sources */,
				78640FD02C76383200E2F176 /* HomeView.swift in Sources */,
				78640FE02C76387400E2F176 /* Array.swift in Sources */,
				78640FC62C7637F900E2F176 /* Reviews.swift in Sources */,
				78640FD22C76383B00E2F176 /* HomeViewModel.swift in Sources */,
				78640F9E2C7630DC00E2F176 /* App836App.swift in Sources */,
				78640FC82C7637FF00E2F176 /* Not.swift in Sources */,
				78640FC22C7637EB00E2F176 /* R2.swift in Sources */,
				78640FE32C77850600E2F176 /* AddFriend.swift in Sources */,
				78640FCA2C76380600E2F176 /* TabBar.swift in Sources */,
				78640FD82C76385300E2F176 /* PresentView.swift in Sources */,
				78640FE62C77BD4200E2F176 /* FriendDetail.swift in Sources */,
				78640FDA2C76385C00E2F176 /* PresentViewModel.swift in Sources */,
				78640FD42C76384300E2F176 /* FriendsView.swift in Sources */,
			);
			runOnlyForDeploymentPostprocessing = 0;
		};
/* End PBXSourcesBuildPhase section */

/* Begin XCBuildConfiguration section */
		78640FA72C7630DE00E2F176 /* Debug */ = {
			isa = XCBuildConfiguration;
			buildSettings = {
				ALWAYS_SEARCH_USER_PATHS = NO;
				ASSETCATALOG_COMPILER_GENERATE_SWIFT_ASSET_SYMBOL_EXTENSIONS = YES;
				CLANG_ANALYZER_NONNULL = YES;
				CLANG_ANALYZER_NUMBER_OBJECT_CONVERSION = YES_AGGRESSIVE;
				CLANG_CXX_LANGUAGE_STANDARD = "gnu++20";
				CLANG_ENABLE_MODULES = YES;
				CLANG_ENABLE_OBJC_ARC = YES;
				CLANG_ENABLE_OBJC_WEAK = YES;
				CLANG_WARN_BLOCK_CAPTURE_AUTORELEASING = YES;
				CLANG_WARN_BOOL_CONVERSION = YES;
				CLANG_WARN_COMMA = YES;
				CLANG_WARN_CONSTANT_CONVERSION = YES;
				CLANG_WARN_DEPRECATED_OBJC_IMPLEMENTATIONS = YES;
				CLANG_WARN_DIRECT_OBJC_ISA_USAGE = YES_ERROR;
				CLANG_WARN_DOCUMENTATION_COMMENTS = YES;
				CLANG_WARN_EMPTY_BODY = YES;
				CLANG_WARN_ENUM_CONVERSION = YES;
				CLANG_WARN_INFINITE_RECURSION = YES;
				CLANG_WARN_INT_CONVERSION = YES;
				CLANG_WARN_NON_LITERAL_NULL_CONVERSION = YES;
				CLANG_WARN_OBJC_IMPLICIT_RETAIN_SELF = YES;
				CLANG_WARN_OBJC_LITERAL_CONVERSION = YES;
				CLANG_WARN_OBJC_ROOT_CLASS = YES_ERROR;
				CLANG_WARN_QUOTED_INCLUDE_IN_FRAMEWORK_HEADER = YES;
				CLANG_WARN_RANGE_LOOP_ANALYSIS = YES;
				CLANG_WARN_STRICT_PROTOTYPES = YES;
				CLANG_WARN_SUSPICIOUS_MOVE = YES;
				CLANG_WARN_UNGUARDED_AVAILABILITY = YES_AGGRESSIVE;
				CLANG_WARN_UNREACHABLE_CODE = YES;
				CLANG_WARN__DUPLICATE_METHOD_MATCH = YES;
				COPY_PHASE_STRIP = NO;
				DEBUG_INFORMATION_FORMAT = dwarf;
				ENABLE_STRICT_OBJC_MSGSEND = YES;
				ENABLE_TESTABILITY = YES;
				ENABLE_USER_SCRIPT_SANDBOXING = YES;
				GCC_C_LANGUAGE_STANDARD = gnu17;
				GCC_DYNAMIC_NO_PIC = NO;
				GCC_NO_COMMON_BLOCKS = YES;
				GCC_OPTIMIZATION_LEVEL = 0;
				GCC_PREPROCESSOR_DEFINITIONS = (
					"DEBUG=1",
					"$(inherited)",
				);
				GCC_WARN_64_TO_32_BIT_CONVERSION = YES;
				GCC_WARN_ABOUT_RETURN_TYPE = YES_ERROR;
				GCC_WARN_UNDECLARED_SELECTOR = YES;
				GCC_WARN_UNINITIALIZED_AUTOS = YES_AGGRESSIVE;
				GCC_WARN_UNUSED_FUNCTION = YES;
				GCC_WARN_UNUSED_VARIABLE = YES;
				LOCALIZATION_PREFERS_STRING_CATALOGS = YES;
				MTL_ENABLE_DEBUG_INFO = INCLUDE_SOURCE;
				MTL_FAST_MATH = YES;
				ONLY_ACTIVE_ARCH = YES;
				SWIFT_ACTIVE_COMPILATION_CONDITIONS = "DEBUG $(inherited)";
				SWIFT_OPTIMIZATION_LEVEL = "-Onone";
			};
			name = Debug;
		};
		78640FA82C7630DE00E2F176 /* Release */ = {
			isa = XCBuildConfiguration;
			buildSettings = {
				ALWAYS_SEARCH_USER_PATHS = NO;
				ASSETCATALOG_COMPILER_GENERATE_SWIFT_ASSET_SYMBOL_EXTENSIONS = YES;
				CLANG_ANALYZER_NONNULL = YES;
				CLANG_ANALYZER_NUMBER_OBJECT_CONVERSION = YES_AGGRESSIVE;
				CLANG_CXX_LANGUAGE_STANDARD = "gnu++20";
				CLANG_ENABLE_MODULES = YES;
				CLANG_ENABLE_OBJC_ARC = YES;
				CLANG_ENABLE_OBJC_WEAK = YES;
				CLANG_WARN_BLOCK_CAPTURE_AUTORELEASING = YES;
				CLANG_WARN_BOOL_CONVERSION = YES;
				CLANG_WARN_COMMA = YES;
				CLANG_WARN_CONSTANT_CONVERSION = YES;
				CLANG_WARN_DEPRECATED_OBJC_IMPLEMENTATIONS = YES;
				CLANG_WARN_DIRECT_OBJC_ISA_USAGE = YES_ERROR;
				CLANG_WARN_DOCUMENTATION_COMMENTS = YES;
				CLANG_WARN_EMPTY_BODY = YES;
				CLANG_WARN_ENUM_CONVERSION = YES;
				CLANG_WARN_INFINITE_RECURSION = YES;
				CLANG_WARN_INT_CONVERSION = YES;
				CLANG_WARN_NON_LITERAL_NULL_CONVERSION = YES;
				CLANG_WARN_OBJC_IMPLICIT_RETAIN_SELF = YES;
				CLANG_WARN_OBJC_LITERAL_CONVERSION = YES;
				CLANG_WARN_OBJC_ROOT_CLASS = YES_ERROR;
				CLANG_WARN_QUOTED_INCLUDE_IN_FRAMEWORK_HEADER = YES;
				CLANG_WARN_RANGE_LOOP_ANALYSIS = YES;
				CLANG_WARN_STRICT_PROTOTYPES = YES;
				CLANG_WARN_SUSPICIOUS_MOVE = YES;
				CLANG_WARN_UNGUARDED_AVAILABILITY = YES_AGGRESSIVE;
				CLANG_WARN_UNREACHABLE_CODE = YES;
				CLANG_WARN__DUPLICATE_METHOD_MATCH = YES;
				COPY_PHASE_STRIP = NO;
				DEBUG_INFORMATION_FORMAT = "dwarf-with-dsym";
				ENABLE_NS_ASSERTIONS = NO;
				ENABLE_STRICT_OBJC_MSGSEND = YES;
				ENABLE_USER_SCRIPT_SANDBOXING = YES;
				GCC_C_LANGUAGE_STANDARD = gnu17;
				GCC_NO_COMMON_BLOCKS = YES;
				GCC_WARN_64_TO_32_BIT_CONVERSION = YES;
				GCC_WARN_ABOUT_RETURN_TYPE = YES_ERROR;
				GCC_WARN_UNDECLARED_SELECTOR = YES;
				GCC_WARN_UNINITIALIZED_AUTOS = YES_AGGRESSIVE;
				GCC_WARN_UNUSED_FUNCTION = YES;
				GCC_WARN_UNUSED_VARIABLE = YES;
				LOCALIZATION_PREFERS_STRING_CATALOGS = YES;
				MTL_ENABLE_DEBUG_INFO = NO;
				MTL_FAST_MATH = YES;
				SWIFT_COMPILATION_MODE = wholemodule;
			};
			name = Release;
		};
		78640FAA2C7630DE00E2F176 /* Debug */ = {
			isa = XCBuildConfiguration;
			buildSettings = {
				ASSETCATALOG_COMPILER_APPICON_NAME = AppIcon;
				ASSETCATALOG_COMPILER_GLOBAL_ACCENT_COLOR_NAME = AccentColor;
				CODE_SIGN_ENTITLEMENTS = App836/App836.entitlements;
				CODE_SIGN_STYLE = Automatic;
				CURRENT_PROJECT_VERSION = 1;
				DEVELOPMENT_ASSET_PATHS = "\"App836/Preview Content\"";
				ENABLE_PREVIEWS = YES;
				GENERATE_INFOPLIST_FILE = YES;
				INFOPLIST_KEY_CFBundleDisplayName = "Pari Birthday Budgeter";
				"INFOPLIST_KEY_UIApplicationSceneManifest_Generation[sdk=iphoneos*]" = YES;
				"INFOPLIST_KEY_UIApplicationSceneManifest_Generation[sdk=iphonesimulator*]" = YES;
				"INFOPLIST_KEY_UIApplicationSupportsIndirectInputEvents[sdk=iphoneos*]" = YES;
				"INFOPLIST_KEY_UIApplicationSupportsIndirectInputEvents[sdk=iphonesimulator*]" = YES;
				"INFOPLIST_KEY_UILaunchScreen_Generation[sdk=iphoneos*]" = YES;
				"INFOPLIST_KEY_UILaunchScreen_Generation[sdk=iphonesimulator*]" = YES;
				"INFOPLIST_KEY_UIStatusBarStyle[sdk=iphoneos*]" = UIStatusBarStyleDefault;
				"INFOPLIST_KEY_UIStatusBarStyle[sdk=iphonesimulator*]" = UIStatusBarStyleDefault;
				INFOPLIST_KEY_UISupportedInterfaceOrientations = UIInterfaceOrientationPortrait;
				INFOPLIST_KEY_UISupportedInterfaceOrientations_iPad = "UIInterfaceOrientationLandscapeLeft UIInterfaceOrientationLandscapeRight UIInterfaceOrientationPortrait UIInterfaceOrientationPortraitUpsideDown";
				IPHONEOS_DEPLOYMENT_TARGET = 14.0;
				LD_RUNPATH_SEARCH_PATHS = "@executable_path/Frameworks";
				"LD_RUNPATH_SEARCH_PATHS[sdk=macosx*]" = "@executable_path/../Frameworks";
				MACOSX_DEPLOYMENT_TARGET = 14.1;
				MARKETING_VERSION = 1.0;
				PRODUCT_BUNDLE_IDENTIFIER = IOI.App836;
				PRODUCT_NAME = "$(TARGET_NAME)";
				SDKROOT = auto;
				SUPPORTED_PLATFORMS = "iphoneos iphonesimulator";
				SUPPORTS_MACCATALYST = NO;
				SWIFT_EMIT_LOC_STRINGS = YES;
				SWIFT_VERSION = 5.0;
				TARGETED_DEVICE_FAMILY = 1;
			};
			name = Debug;
		};
		78640FAB2C7630DE00E2F176 /* Release */ = {
			isa = XCBuildConfiguration;
			buildSettings = {
				ASSETCATALOG_COMPILER_APPICON_NAME = AppIcon;
				ASSETCATALOG_COMPILER_GLOBAL_ACCENT_COLOR_NAME = AccentColor;
				CODE_SIGN_ENTITLEMENTS = App836/App836.entitlements;
				CODE_SIGN_STYLE = Automatic;
				CURRENT_PROJECT_VERSION = 1;
				DEVELOPMENT_ASSET_PATHS = "\"App836/Preview Content\"";
				ENABLE_PREVIEWS = YES;
				GENERATE_INFOPLIST_FILE = YES;
				INFOPLIST_KEY_CFBundleDisplayName = "Pari Birthday Budgeter";
				"INFOPLIST_KEY_UIApplicationSceneManifest_Generation[sdk=iphoneos*]" = YES;
				"INFOPLIST_KEY_UIApplicationSceneManifest_Generation[sdk=iphonesimulator*]" = YES;
				"INFOPLIST_KEY_UIApplicationSupportsIndirectInputEvents[sdk=iphoneos*]" = YES;
				"INFOPLIST_KEY_UIApplicationSupportsIndirectInputEvents[sdk=iphonesimulator*]" = YES;
				"INFOPLIST_KEY_UILaunchScreen_Generation[sdk=iphoneos*]" = YES;
				"INFOPLIST_KEY_UILaunchScreen_Generation[sdk=iphonesimulator*]" = YES;
				"INFOPLIST_KEY_UIStatusBarStyle[sdk=iphoneos*]" = UIStatusBarStyleDefault;
				"INFOPLIST_KEY_UIStatusBarStyle[sdk=iphonesimulator*]" = UIStatusBarStyleDefault;
				INFOPLIST_KEY_UISupportedInterfaceOrientations = UIInterfaceOrientationPortrait;
				INFOPLIST_KEY_UISupportedInterfaceOrientations_iPad = "UIInterfaceOrientationLandscapeLeft UIInterfaceOrientationLandscapeRight UIInterfaceOrientationPortrait UIInterfaceOrientationPortraitUpsideDown";
				IPHONEOS_DEPLOYMENT_TARGET = 14.0;
				LD_RUNPATH_SEARCH_PATHS = "@executable_path/Frameworks";
				"LD_RUNPATH_SEARCH_PATHS[sdk=macosx*]" = "@executable_path/../Frameworks";
				MACOSX_DEPLOYMENT_TARGET = 14.1;
				MARKETING_VERSION = 1.0;
				PRODUCT_BUNDLE_IDENTIFIER = IOI.App836;
				PRODUCT_NAME = "$(TARGET_NAME)";
				SDKROOT = auto;
				SUPPORTED_PLATFORMS = "iphoneos iphonesimulator";
				SUPPORTS_MACCATALYST = NO;
				SWIFT_EMIT_LOC_STRINGS = YES;
				SWIFT_VERSION = 5.0;
				TARGETED_DEVICE_FAMILY = 1;
			};
			name = Release;
		};
/* End XCBuildConfiguration section */

/* Begin XCConfigurationList section */
		78640F952C7630DC00E2F176 /* Build configuration list for PBXProject "App836" */ = {
			isa = XCConfigurationList;
			buildConfigurations = (
				78640FA72C7630DE00E2F176 /* Debug */,
				78640FA82C7630DE00E2F176 /* Release */,
			);
			defaultConfigurationIsVisible = 0;
			defaultConfigurationName = Release;
		};
		78640FA92C7630DE00E2F176 /* Build configuration list for PBXNativeTarget "App836" */ = {
			isa = XCConfigurationList;
			buildConfigurations = (
				78640FAA2C7630DE00E2F176 /* Debug */,
				78640FAB2C7630DE00E2F176 /* Release */,
			);
			defaultConfigurationIsVisible = 0;
			defaultConfigurationName = Release;
		};
/* End XCConfigurationList section */

/* Begin XCVersionGroup section */
		78640FBA2C7632D100E2F176 /* CoreModel.xcdatamodeld */ = {
			isa = XCVersionGroup;
			children = (
				78640FBB2C7632D100E2F176 /* CoreModel.xcdatamodel */,
			);
			currentVersion = 78640FBB2C7632D100E2F176 /* CoreModel.xcdatamodel */;
			name = CoreModel.xcdatamodeld;
			path = /Users/igor/Documents/Applications/App836/App836/All/Ext/CoreModel.xcdatamodeld;
			sourceTree = "<group>";
			versionGroupType = wrapper.xcdatamodel;
		};
/* End XCVersionGroup section */
	};
	rootObject = 78640F922C7630DC00E2F176 /* Project object */;
}
